
Microsoft Visual Studio Solution File, Format Version 12.00
Project("{FAE04EC0-301F-11D3-BF4B-00C04F79EFBC}") = "KataFindUppercase", "KataFindUppercase\KataFindUppercase.csproj", "{BACD567F-97BD-4781-A98B-375E91F960DB}"
EndProject
Global
	GlobalSection(SolutionConfigurationPlatforms) = preSolution
		Debug|Any CPU = Debug|Any CPU
		Release|Any CPU = Release|Any CPU
	EndGlobalSection
	GlobalSection(ProjectConfigurationPlatforms) = postSolution
		{BACD567F-97BD-4781-A98B-375E91F960DB}.Debug|Any CPU.ActiveCfg = Debug|Any CPU
		{BACD567F-97BD-4781-A98B-375E91F960DB}.Debug|Any CPU.Build.0 = Debug|Any CPU
		{BACD567F-97BD-4781-A98B-375E91F960DB}.Release|Any CPU.ActiveCfg = Release|Any CPU
		{BACD567F-97BD-4781-A98B-375E91F960DB}.Release|Any CPU.Build.0 = Release|Any CPU
	EndGlobalSection
EndGlobal
